
Microsoft Visual Studio Solution File, Format Version 12.00
# Visual Studio Version 16
VisualStudioVersion = 16.0.31515.178
MinimumVisualStudioVersion = 10.0.40219.1
Project("{FAE04EC0-301F-11D3-BF4B-00C04F79EFBC}") = "Tela de Login", "Tela de Login.csproj", "{BC488F6D-2F13-453D-99FC-50057CAA39AA}"
EndProject
Global
	GlobalSection(SolutionConfigurationPlatforms) = preSolution
		Debug|Any CPU = Debug|Any CPU
		Release|Any CPU = Release|Any CPU
	EndGlobalSection
	GlobalSection(ProjectConfigurationPlatforms) = postSolution
		{BC488F6D-2F13-453D-99FC-50057CAA39AA}.Debug|Any CPU.ActiveCfg = Debug|Any CPU
		{BC488F6D-2F13-453D-99FC-50057CAA39AA}.Debug|Any CPU.Build.0 = Debug|Any CPU
		{BC488F6D-2F13-453D-99FC-50057CAA39AA}.Release|Any CPU.ActiveCfg = Release|Any CPU
		{BC488F6D-2F13-453D-99FC-50057CAA39AA}.Release|Any CPU.Build.0 = Release|Any CPU
	EndGlobalSection
	GlobalSection(SolutionProperties) = preSolution
		HideSolutionNode = FALSE
	EndGlobalSection
	GlobalSection(ExtensibilityGlobals) = postSolution
		SolutionGuid = {F5A75849-538A-42F2-8F73-39FBD2B17D0A}
	EndGlobalSection
EndGlobal
